
Microsoft Visual Studio Solution File, Format Version 12.00
# Visual Studio Version 17
VisualStudioVersion = 17.1.32328.378
MinimumVisualStudioVersion = 10.0.40219.1
Project("{9A19103F-16F7-4668-BE54-9A1E7A4F7556}") = "HeroAPI", "HeroAPI.csproj", "{59C629EC-E2AE-4CC5-957F-85CF62270CAF}"
EndProject
Project("{54A90642-561A-4BB1-A94E-469ADEE60C69}") = "HeroAPI-ReactFrontend", "..\HeroAPI-ReactFrontend\HeroAPI-ReactFrontend.esproj", "{6675C30E-33AD-4118-9D6F-32711DD7052C}"
EndProject
Global
	GlobalSection(SolutionConfigurationPlatforms) = preSolution
		Debug|Any CPU = Debug|Any CPU
		Release|Any CPU = Release|Any CPU
	EndGlobalSection
	GlobalSection(ProjectConfigurationPlatforms) = postSolution
		{59C629EC-E2AE-4CC5-957F-85CF62270CAF}.Debug|Any CPU.ActiveCfg = Debug|Any CPU
		{59C629EC-E2AE-4CC5-957F-85CF62270CAF}.Debug|Any CPU.Build.0 = Debug|Any CPU
		{59C629EC-E2AE-4CC5-957F-85CF62270CAF}.Release|Any CPU.ActiveCfg = Release|Any CPU
		{59C629EC-E2AE-4CC5-957F-85CF62270CAF}.Release|Any CPU.Build.0 = Release|Any CPU
		{6675C30E-33AD-4118-9D6F-32711DD7052C}.Debug|Any CPU.ActiveCfg = Debug|Any CPU
		{6675C30E-33AD-4118-9D6F-32711DD7052C}.Debug|Any CPU.Build.0 = Debug|Any CPU
		{6675C30E-33AD-4118-9D6F-32711DD7052C}.Debug|Any CPU.Deploy.0 = Debug|Any CPU
		{6675C30E-33AD-4118-9D6F-32711DD7052C}.Release|Any CPU.ActiveCfg = Release|Any CPU
		{6675C30E-33AD-4118-9D6F-32711DD7052C}.Release|Any CPU.Build.0 = Release|Any CPU
		{6675C30E-33AD-4118-9D6F-32711DD7052C}.Release|Any CPU.Deploy.0 = Release|Any CPU
	EndGlobalSection
	GlobalSection(SolutionProperties) = preSolution
		HideSolutionNode = FALSE
	EndGlobalSection
	GlobalSection(ExtensibilityGlobals) = postSolution
		SolutionGuid = {63690EDE-F183-4FD0-AD6C-9A5A1CC4526C}
	EndGlobalSection
EndGlobal
